
Microsoft Visual Studio Solution File, Format Version 12.00
# Visual Studio Version 17
VisualStudioVersion = 17.9.34616.47
MinimumVisualStudioVersion = 10.0.40219.1
Project("{8BC9CEB8-8B4A-11D0-8D11-00A0C91BC942}") = "GD2P02_Assignment1_3.1", "GD2P02_Assignment1_3.1\GD2P02_Assignment1_3.1.vcxproj", "{938D1FAD-A913-4DBD-B1F8-F49B5F4B98F3}"
EndProject
Project("{8BC9CEB8-8B4A-11D0-8D11-00A0C91BC942}") = "GD2P02_Assignment1_3.2", "GD2P02_Assignment1_3.2\GD2P02_Assignment1_3.2.vcxproj", "{D799DF50-6B26-4294-9849-D32B08550409}"
EndProject
Project("{8BC9CEB8-8B4A-11D0-8D11-00A0C91BC942}") = "GD2P02_Assignment1_3.3", "GD2P02_Assignment1_3.3\GD2P02_Assignment1_3.3.vcxproj", "{17D0EB1D-2FAB-4E2F-BE18-8AECBF350C1E}"
EndProject
Global
	GlobalSection(SolutionConfigurationPlatforms) = preSolution
		Debug|x64 = Debug|x64
		Debug|x86 = Debug|x86
		Release|x64 = Release|x64
		Release|x86 = Release|x86
	EndGlobalSection
	GlobalSection(ProjectConfigurationPlatforms) = postSolution
		{938D1FAD-A913-4DBD-B1F8-F49B5F4B98F3}.Debug|x64.ActiveCfg = Debug|x64
		{938D1FAD-A913-4DBD-B1F8-F49B5F4B98F3}.Debug|x64.Build.0 = Debug|x64
		{938D1FAD-A913-4DBD-B1F8-F49B5F4B98F3}.Debug|x86.ActiveCfg = Debug|Win32
		{938D1FAD-A913-4DBD-B1F8-F49B5F4B98F3}.Debug|x86.Build.0 = Debug|Win32
		{938D1FAD-A913-4DBD-B1F8-F49B5F4B98F3}.Release|x64.ActiveCfg = Release|x64
		{938D1FAD-A913-4DBD-B1F8-F49B5F4B98F3}.Release|x64.Build.0 = Release|x64
		{938D1FAD-A913-4DBD-B1F8-F49B5F4B98F3}.Release|x86.ActiveCfg = Release|Win32
		{938D1FAD-A913-4DBD-B1F8-F49B5F4B98F3}.Release|x86.Build.0 = Release|Win32
		{D799DF50-6B26-4294-9849-D32B08550409}.Debug|x64.ActiveCfg = Debug|x64
		{D799DF50-6B26-4294-9849-D32B08550409}.Debug|x64.Build.0 = Debug|x64
		{D799DF50-6B26-4294-9849-D32B08550409}.Debug|x86.ActiveCfg = Debug|Win32
		{D799DF50-6B26-4294-9849-D32B08550409}.Debug|x86.Build.0 = Debug|Win32
		{D799DF50-6B26-4294-9849-D32B08550409}.Release|x64.ActiveCfg = Release|x64
		{D799DF50-6B26-4294-9849-D32B08550409}.Release|x64.Build.0 = Release|x64
		{D799DF50-6B26-4294-9849-D32B08550409}.Release|x86.ActiveCfg = Release|Win32
		{D799DF50-6B26-4294-9849-D32B08550409}.Release|x86.Build.0 = Release|Win32
		{17D0EB1D-2FAB-4E2F-BE18-8AECBF350C1E}.Debug|x64.ActiveCfg = Debug|x64
		{17D0EB1D-2FAB-4E2F-BE18-8AECBF350C1E}.Debug|x64.Build.0 = Debug|x64
		{17D0EB1D-2FAB-4E2F-BE18-8AECBF350C1E}.Debug|x86.ActiveCfg = Debug|Win32
		{17D0EB1D-2FAB-4E2F-BE18-8AECBF350C1E}.Debug|x86.Build.0 = Debug|Win32
		{17D0EB1D-2FAB-4E2F-BE18-8AECBF350C1E}.Release|x64.ActiveCfg = Release|x64
		{17D0EB1D-2FAB-4E2F-BE18-8AECBF350C1E}.Release|x64.Build.0 = Release|x64
		{17D0EB1D-2FAB-4E2F-BE18-8AECBF350C1E}.Release|x86.ActiveCfg = Release|Win32
		{17D0EB1D-2FAB-4E2F-BE18-8AECBF350C1E}.Release|x86.Build.0 = Release|Win32
	EndGlobalSection
	GlobalSection(SolutionProperties) = preSolution
		HideSolutionNode = FALSE
	EndGlobalSection
	GlobalSection(ExtensibilityGlobals) = postSolution
		SolutionGuid = {96BA2C9F-D644-458B-A0DC-669DD4AA8B7A}
	EndGlobalSection
EndGlobal
